
Microsoft Visual Studio Solution File, Format Version 12.00
# Visual Studio Version 16
VisualStudioVersion = 16.0.31402.337
MinimumVisualStudioVersion = 10.0.40219.1
Project("{FAE04EC0-301F-11D3-BF4B-00C04F79EFBC}") = "swap", "swap\swap.csproj", "{B1D75A06-A5FB-459A-A8EC-A34BB200B15F}"
EndProject
Global
	GlobalSection(SolutionConfigurationPlatforms) = preSolution
		Debug|Any CPU = Debug|Any CPU
		Release|Any CPU = Release|Any CPU
	EndGlobalSection
	GlobalSection(ProjectConfigurationPlatforms) = postSolution
		{B1D75A06-A5FB-459A-A8EC-A34BB200B15F}.Debug|Any CPU.ActiveCfg = Debug|Any CPU
		{B1D75A06-A5FB-459A-A8EC-A34BB200B15F}.Debug|Any CPU.Build.0 = Debug|Any CPU
		{B1D75A06-A5FB-459A-A8EC-A34BB200B15F}.Release|Any CPU.ActiveCfg = Release|Any CPU
		{B1D75A06-A5FB-459A-A8EC-A34BB200B15F}.Release|Any CPU.Build.0 = Release|Any CPU
	EndGlobalSection
	GlobalSection(SolutionProperties) = preSolution
		HideSolutionNode = FALSE
	EndGlobalSection
	GlobalSection(ExtensibilityGlobals) = postSolution
		SolutionGuid = {33677F0F-D317-4345-BCBB-3FEFD31BA688}
	EndGlobalSection
EndGlobal
